
Microsoft Visual Studio Solution File, Format Version 12.00
# Visual Studio Version 17
VisualStudioVersion = 17.5.33627.172
MinimumVisualStudioVersion = 10.0.40219.1
Project("{FAE04EC0-301F-11D3-BF4B-00C04F79EFBC}") = "ElectroMod", "ElectroMod\ElectroMod.csproj", "{458F872F-C9AD-4477-98F5-374F4FF95588}"
EndProject
Project("{54435603-DBB4-11D2-8724-00A0C9A8B90C}") = "Setup", "Setup\Setup.vdproj", "{501D07C2-CD9A-4DF2-82EA-A67FE2EF2D9E}"
EndProject
Global
	GlobalSection(SolutionConfigurationPlatforms) = preSolution
		Debug|Any CPU = Debug|Any CPU
		Release|Any CPU = Release|Any CPU
	EndGlobalSection
	GlobalSection(ProjectConfigurationPlatforms) = postSolution
		{458F872F-C9AD-4477-98F5-374F4FF95588}.Debug|Any CPU.ActiveCfg = Debug|Any CPU
		{458F872F-C9AD-4477-98F5-374F4FF95588}.Debug|Any CPU.Build.0 = Debug|Any CPU
		{458F872F-C9AD-4477-98F5-374F4FF95588}.Release|Any CPU.ActiveCfg = Release|Any CPU
		{458F872F-C9AD-4477-98F5-374F4FF95588}.Release|Any CPU.Build.0 = Release|Any CPU
		{501D07C2-CD9A-4DF2-82EA-A67FE2EF2D9E}.Debug|Any CPU.ActiveCfg = Debug
		{501D07C2-CD9A-4DF2-82EA-A67FE2EF2D9E}.Release|Any CPU.ActiveCfg = Release
	EndGlobalSection
	GlobalSection(SolutionProperties) = preSolution
		HideSolutionNode = FALSE
	EndGlobalSection
	GlobalSection(ExtensibilityGlobals) = postSolution
		SolutionGuid = {061120E7-A3D8-465B-8358-FECAB38976EF}
	EndGlobalSection
EndGlobal
